
Microsoft Visual Studio Solution File, Format Version 12.00
# Visual Studio Version 17
VisualStudioVersion = 17.9.34728.123
MinimumVisualStudioVersion = 10.0.40219.1
Project("{9A19103F-16F7-4668-BE54-9A1E7A4F7556}") = "Hairhub.API", "Hairhub.API\Hairhub.API.csproj", "{DA93B68F-AC33-430D-919B-544CEFA38B78}"
EndProject
Project("{9A19103F-16F7-4668-BE54-9A1E7A4F7556}") = "Hairhub.Domain", "Hairhub.Domain\Hairhub.Domain.csproj", "{BF88904F-E9B0-4783-A52E-23B433A89889}"
EndProject
Project("{9A19103F-16F7-4668-BE54-9A1E7A4F7556}") = "Hairhub.Infrastructure", "Hairhub.Infrastructure\Hairhub.Infrastructure.csproj", "{84AFFC63-E774-40CB-94BB-2391520F1A89}"
EndProject
Project("{9A19103F-16F7-4668-BE54-9A1E7A4F7556}") = "Hairhub.Service", "Hairhub.Service\Hairhub.Service.csproj", "{347E6AA0-E53E-44A1-84CC-C0729DE37B49}"
EndProject
Global
	GlobalSection(SolutionConfigurationPlatforms) = preSolution
		Debug|Any CPU = Debug|Any CPU
		Release|Any CPU = Release|Any CPU
	EndGlobalSection
	GlobalSection(ProjectConfigurationPlatforms) = postSolution
		{DA93B68F-AC33-430D-919B-544CEFA38B78}.Debug|Any CPU.ActiveCfg = Debug|Any CPU
		{DA93B68F-AC33-430D-919B-544CEFA38B78}.Debug|Any CPU.Build.0 = Debug|Any CPU
		{DA93B68F-AC33-430D-919B-544CEFA38B78}.Release|Any CPU.ActiveCfg = Release|Any CPU
		{DA93B68F-AC33-430D-919B-544CEFA38B78}.Release|Any CPU.Build.0 = Release|Any CPU
		{BF88904F-E9B0-4783-A52E-23B433A89889}.Debug|Any CPU.ActiveCfg = Debug|Any CPU
		{BF88904F-E9B0-4783-A52E-23B433A89889}.Debug|Any CPU.Build.0 = Debug|Any CPU
		{BF88904F-E9B0-4783-A52E-23B433A89889}.Release|Any CPU.ActiveCfg = Release|Any CPU
		{BF88904F-E9B0-4783-A52E-23B433A89889}.Release|Any CPU.Build.0 = Release|Any CPU
		{84AFFC63-E774-40CB-94BB-2391520F1A89}.Debug|Any CPU.ActiveCfg = Debug|Any CPU
		{84AFFC63-E774-40CB-94BB-2391520F1A89}.Debug|Any CPU.Build.0 = Debug|Any CPU
		{84AFFC63-E774-40CB-94BB-2391520F1A89}.Release|Any CPU.ActiveCfg = Release|Any CPU
		{84AFFC63-E774-40CB-94BB-2391520F1A89}.Release|Any CPU.Build.0 = Release|Any CPU
		{347E6AA0-E53E-44A1-84CC-C0729DE37B49}.Debug|Any CPU.ActiveCfg = Debug|Any CPU
		{347E6AA0-E53E-44A1-84CC-C0729DE37B49}.Debug|Any CPU.Build.0 = Debug|Any CPU
		{347E6AA0-E53E-44A1-84CC-C0729DE37B49}.Release|Any CPU.ActiveCfg = Release|Any CPU
		{347E6AA0-E53E-44A1-84CC-C0729DE37B49}.Release|Any CPU.Build.0 = Release|Any CPU
	EndGlobalSection
	GlobalSection(SolutionProperties) = preSolution
		HideSolutionNode = FALSE
	EndGlobalSection
	GlobalSection(ExtensibilityGlobals) = postSolution
		SolutionGuid = {9CF65AAD-B8C6-4191-86E2-04C7EA511C05}
	EndGlobalSection
EndGlobal
